// !$*UTF8*$!
{
	archiveVersion = 1;
	classes = {
	};
	objectVersion = 56;
	objects = {

/* Begin PBXBuildFile section */
		99079F602AB905300050F48B /* SettingsListView.swift in Sources */ = {isa = PBXBuildFile; fileRef = 99079F5F2AB905300050F48B /* SettingsListView.swift */; };
		99079F642AB905C10050F48B /* ViewModel.swift in Sources */ = {isa = PBXBuildFile; fileRef = 99079F632AB905C10050F48B /* ViewModel.swift */; };
		99079F662AB9065A0050F48B /* SettingsListModel.swift in Sources */ = {isa = PBXBuildFile; fileRef = 99079F652AB9065A0050F48B /* SettingsListModel.swift */; };
		99F5C9FA2AB7BB350093AEAE /* SantanderApp.swift in Sources */ = {isa = PBXBuildFile; fileRef = 99F5C9F92AB7BB350093AEAE /* SantanderApp.swift */; };
		99F5C9FC2AB7BB350093AEAE /* ContentView.swift in Sources */ = {isa = PBXBuildFile; fileRef = 99F5C9FB2AB7BB350093AEAE /* ContentView.swift */; };
		99F5C9FE2AB7BB370093AEAE /* Assets.xcassets in Resources */ = {isa = PBXBuildFile; fileRef = 99F5C9FD2AB7BB370093AEAE /* Assets.xcassets */; };
		99F5CA012AB7BB370093AEAE /* Preview Assets.xcassets in Resources */ = {isa = PBXBuildFile; fileRef = 99F5CA002AB7BB370093AEAE /* Preview Assets.xcassets */; };
		99F5CA092AB7BECD0093AEAE /* HeaderBarView.swift in Sources */ = {isa = PBXBuildFile; fileRef = 99F5CA082AB7BECD0093AEAE /* HeaderBarView.swift */; };
		99F5CA0C2AB7C82C0093AEAE /* LoanView.swift in Sources */ = {isa = PBXBuildFile; fileRef = 99F5CA0B2AB7C82C0093AEAE /* LoanView.swift */; };
		99F5CA102AB7CB6C0093AEAE /* Colors.swift in Sources */ = {isa = PBXBuildFile; fileRef = 99F5CA0F2AB7CB6C0093AEAE /* Colors.swift */; };
		99F5CA122AB7DC620093AEAE /* MainOptionsView.swift in Sources */ = {isa = PBXBuildFile; fileRef = 99F5CA112AB7DC620093AEAE /* MainOptionsView.swift */; };
		99F5CA142AB89BED0093AEAE /* CardView.swift in Sources */ = {isa = PBXBuildFile; fileRef = 99F5CA132AB89BED0093AEAE /* CardView.swift */; };
/* End PBXBuildFile section */

/* Begin PBXFileReference section */
		99079F5F2AB905300050F48B /* SettingsListView.swift */ = {isa = PBXFileReference; lastKnownFileType = sourcecode.swift; path = SettingsListView.swift; sourceTree = "<group>"; };
		99079F632AB905C10050F48B /* ViewModel.swift */ = {isa = PBXFileReference; lastKnownFileType = sourcecode.swift; path = ViewModel.swift; sourceTree = "<group>"; };
		99079F652AB9065A0050F48B /* SettingsListModel.swift */ = {isa = PBXFileReference; lastKnownFileType = sourcecode.swift; path = SettingsListModel.swift; sourceTree = "<group>"; };
		99F5C9F62AB7BB350093AEAE /* Santander.app */ = {isa = PBXFileReference; explicitFileType = wrapper.application; includeInIndex = 0; path = Santander.app; sourceTree = BUILT_PRODUCTS_DIR; };
		99F5C9F92AB7BB350093AEAE /* SantanderApp.swift */ = {isa = PBXFileReference; lastKnownFileType = sourcecode.swift; path = SantanderApp.swift; sourceTree = "<group>"; };
		99F5C9FB2AB7BB350093AEAE /* ContentView.swift */ = {isa = PBXFileReference; lastKnownFileType = sourcecode.swift; path = ContentView.swift; sourceTree = "<group>"; };
		99F5C9FD2AB7BB370093AEAE /* Assets.xcassets */ = {isa = PBXFileReference; lastKnownFileType = folder.assetcatalog; path = Assets.xcassets; sourceTree = "<group>"; };
		99F5CA002AB7BB370093AEAE /* Preview Assets.xcassets */ = {isa = PBXFileReference; lastKnownFileType = folder.assetcatalog; path = "Preview Assets.xcassets"; sourceTree = "<group>"; };
		99F5CA082AB7BECD0093AEAE /* HeaderBarView.swift */ = {isa = PBXFileReference; lastKnownFileType = sourcecode.swift; path = HeaderBarView.swift; sourceTree = "<group>"; };
		99F5CA0B2AB7C82C0093AEAE /* LoanView.swift */ = {isa = PBXFileReference; lastKnownFileType = sourcecode.swift; path = LoanView.swift; sourceTree = "<group>"; };
		99F5CA0F2AB7CB6C0093AEAE /* Colors.swift */ = {isa = PBXFileReference; lastKnownFileType = sourcecode.swift; path = Colors.swift; sourceTree = "<group>"; };
		99F5CA112AB7DC620093AEAE /* MainOptionsView.swift */ = {isa = PBXFileReference; lastKnownFileType = sourcecode.swift; path = MainOptionsView.swift; sourceTree = "<group>"; };
		99F5CA132AB89BED0093AEAE /* CardView.swift */ = {isa = PBXFileReference; lastKnownFileType = sourcecode.swift; path = CardView.swift; sourceTree = "<group>"; };
/* End PBXFileReference section */

/* Begin PBXFrameworksBuildPhase section */
		99F5C9F32AB7BB350093AEAE /* Frameworks */ = {
			isa = PBXFrameworksBuildPhase;
			buildActionMask = 2147483647;
			files = (
			);
			runOnlyForDeploymentPostprocessing = 0;
		};
/* End PBXFrameworksBuildPhase section */

/* Begin PBXGroup section */
		99079F622AB905AF0050F48B /* Model */ = {
			isa = PBXGroup;
			children = (
				99079F632AB905C10050F48B /* ViewModel.swift */,
				99079F652AB9065A0050F48B /* SettingsListModel.swift */,
			);
			path = Model;
			sourceTree = "<group>";
		};
		99F5C9ED2AB7BB350093AEAE = {
			isa = PBXGroup;
			children = (
				99F5C9F82AB7BB350093AEAE /* Santander */,
				99F5C9F72AB7BB350093AEAE /* Products */,
			);
			sourceTree = "<group>";
		};
		99F5C9F72AB7BB350093AEAE /* Products */ = {
			isa = PBXGroup;
			children = (
				99F5C9F62AB7BB350093AEAE /* Santander.app */,
			);
			name = Products;
			sourceTree = "<group>";
		};
		99F5C9F82AB7BB350093AEAE /* Santander */ = {
			isa = PBXGroup;
			children = (
				99079F622AB905AF0050F48B /* Model */,
				99F5CA0D2AB7CB4E0093AEAE /* Design */,
				99F5CA072AB7BEA20093AEAE /* Components */,
				99F5C9F92AB7BB350093AEAE /* SantanderApp.swift */,
				99F5C9FB2AB7BB350093AEAE /* ContentView.swift */,
				99F5C9FD2AB7BB370093AEAE /* Assets.xcassets */,
				99F5C9FF2AB7BB370093AEAE /* Preview Content */,
			);
			path = Santander;
			sourceTree = "<group>";
		};
		99F5C9FF2AB7BB370093AEAE /* Preview Content */ = {
			isa = PBXGroup;
			children = (
				99F5CA002AB7BB370093AEAE /* Preview Assets.xcassets */,
			);
			path = "Preview Content";
			sourceTree = "<group>";
		};
		99F5CA072AB7BEA20093AEAE /* Components */ = {
			isa = PBXGroup;
			children = (
				99F5CA082AB7BECD0093AEAE /* HeaderBarView.swift */,
				99F5CA0B2AB7C82C0093AEAE /* LoanView.swift */,
				99F5CA112AB7DC620093AEAE /* MainOptionsView.swift */,
				99F5CA132AB89BED0093AEAE /* CardView.swift */,
				99079F5F2AB905300050F48B /* SettingsListView.swift */,
			);
			path = Components;
			sourceTree = "<group>";
		};
		99F5CA0D2AB7CB4E0093AEAE /* Design */ = {
			isa = PBXGroup;
			children = (
				99F5CA0E2AB7CB550093AEAE /* Colors */,
			);
			path = Design;
			sourceTree = "<group>";
		};
		99F5CA0E2AB7CB550093AEAE /* Colors */ = {
			isa = PBXGroup;
			children = (
				99F5CA0F2AB7CB6C0093AEAE /* Colors.swift */,
			);
			path = Colors;
			sourceTree = "<group>";
		};
/* End PBXGroup section */

/* Begin PBXNativeTarget section */
		99F5C9F52AB7BB350093AEAE /* Santander */ = {
			isa = PBXNativeTarget;
			buildConfigurationList = 99F5CA042AB7BB370093AEAE /* Build configuration list for PBXNativeTarget "Santander" */;
			buildPhases = (
				99F5C9F22AB7BB350093AEAE /* Sources */,
				99F5C9F32AB7BB350093AEAE /* Frameworks */,
				99F5C9F42AB7BB350093AEAE /* Resources */,
			);
			buildRules = (
			);
			dependencies = (
			);
			name = Santander;
			productName = Santander;
			productReference = 99F5C9F62AB7BB350093AEAE /* Santander.app */;
			productType = "com.apple.product-type.application";
		};
/* End PBXNativeTarget section */

/* Begin PBXProject section */
		99F5C9EE2AB7BB350093AEAE /* Project object */ = {
			isa = PBXProject;
			attributes = {
				BuildIndependentTargetsInParallel = 1;
				LastSwiftUpdateCheck = 1430;
				LastUpgradeCheck = 1430;
				TargetAttributes = {
					99F5C9F52AB7BB350093AEAE = {
						CreatedOnToolsVersion = 14.3.1;
					};
				};
			};
			buildConfigurationList = 99F5C9F12AB7BB350093AEAE /* Build configuration list for PBXProject "Santander" */;
			compatibilityVersion = "Xcode 14.0";
			developmentRegion = en;
			hasScannedForEncodings = 0;
			knownRegions = (
				en,
				Base,
			);
			mainGroup = 99F5C9ED2AB7BB350093AEAE;
			productRefGroup = 99F5C9F72AB7BB350093AEAE /* Products */;
			projectDirPath = "";
			projectRoot = "";
			targets = (
				99F5C9F52AB7BB350093AEAE /* Santander */,
			);
		};
/* End PBXProject section */

/* Begin PBXResourcesBuildPhase section */
		99F5C9F42AB7BB350093AEAE /* Resources */ = {
			isa = PBXResourcesBuildPhase;
			buildActionMask = 2147483647;
			files = (
				99F5CA012AB7BB370093AEAE /* Preview Assets.xcassets in Resources */,
				99F5C9FE2AB7BB370093AEAE /* Assets.xcassets in Resources */,
			);
			runOnlyForDeploymentPostprocessing = 0;
		};
/* End PBXResourcesBuildPhase section */

/* Begin PBXSourcesBuildPhase section */
		99F5C9F22AB7BB350093AEAE /* Sources */ = {
			isa = PBXSourcesBuildPhase;
			buildActionMask = 2147483647;
			files = (
				99F5CA142AB89BED0093AEAE /* CardView.swift in Sources */,
				99079F642AB905C10050F48B /* ViewModel.swift in Sources */,
				99079F602AB905300050F48B /* SettingsListView.swift in Sources */,
				99F5CA122AB7DC620093AEAE /* MainOptionsView.swift in Sources */,
				99F5C9FC2AB7BB350093AEAE /* ContentView.swift in Sources */,
				99F5CA102AB7CB6C0093AEAE /* Colors.swift in Sources */,
				99F5CA092AB7BECD0093AEAE /* HeaderBarView.swift in Sources */,
				99F5CA0C2AB7C82C0093AEAE /* LoanView.swift in Sources */,
				99079F662AB9065A0050F48B /* SettingsListModel.swift in Sources */,
				99F5C9FA2AB7BB350093AEAE /* SantanderApp.swift in Sources */,
			);
			runOnlyForDeploymentPostprocessing = 0;
		};
/* End PBXSourcesBuildPhase section */

/* Begin XCBuildConfiguration section */
		99F5CA022AB7BB370093AEAE /* Debug */ = {
			isa = XCBuildConfiguration;
			buildSettings = {
				ALWAYS_SEARCH_USER_PATHS = NO;
				CLANG_ANALYZER_NONNULL = YES;
				CLANG_ANALYZER_NUMBER_OBJECT_CONVERSION = YES_AGGRESSIVE;
				CLANG_CXX_LANGUAGE_STANDARD = "gnu++20";
				CLANG_ENABLE_MODULES = YES;
				CLANG_ENABLE_OBJC_ARC = YES;
				CLANG_ENABLE_OBJC_WEAK = YES;
				CLANG_WARN_BLOCK_CAPTURE_AUTORELEASING = YES;
				CLANG_WARN_BOOL_CONVERSION = YES;
				CLANG_WARN_COMMA = YES;
				CLANG_WARN_CONSTANT_CONVERSION = YES;
				CLANG_WARN_DEPRECATED_OBJC_IMPLEMENTATIONS = YES;
				CLANG_WARN_DIRECT_OBJC_ISA_USAGE = YES_ERROR;
				CLANG_WARN_DOCUMENTATION_COMMENTS = YES;
				CLANG_WARN_EMPTY_BODY = YES;
				CLANG_WARN_ENUM_CONVERSION = YES;
				CLANG_WARN_INFINITE_RECURSION = YES;
				CLANG_WARN_INT_CONVERSION = YES;
				CLANG_WARN_NON_LITERAL_NULL_CONVERSION = YES;
				CLANG_WARN_OBJC_IMPLICIT_RETAIN_SELF = YES;
				CLANG_WARN_OBJC_LITERAL_CONVERSION = YES;
				CLANG_WARN_OBJC_ROOT_CLASS = YES_ERROR;
				CLANG_WARN_QUOTED_INCLUDE_IN_FRAMEWORK_HEADER = YES;
				CLANG_WARN_RANGE_LOOP_ANALYSIS = YES;
				CLANG_WARN_STRICT_PROTOTYPES = YES;
				CLANG_WARN_SUSPICIOUS_MOVE = YES;
				CLANG_WARN_UNGUARDED_AVAILABILITY = YES_AGGRESSIVE;
				CLANG_WARN_UNREACHABLE_CODE = YES;
				CLANG_WARN__DUPLICATE_METHOD_MATCH = YES;
				COPY_PHASE_STRIP = NO;
				DEBUG_INFORMATION_FORMAT = dwarf;
				ENABLE_STRICT_OBJC_MSGSEND = YES;
				ENABLE_TESTABILITY = YES;
				GCC_C_LANGUAGE_STANDARD = gnu11;
				GCC_DYNAMIC_NO_PIC = NO;
				GCC_NO_COMMON_BLOCKS = YES;
				GCC_OPTIMIZATION_LEVEL = 0;
				GCC_PREPROCESSOR_DEFINITIONS = (
					"DEBUG=1",
					"$(inherited)",
				);
				GCC_WARN_64_TO_32_BIT_CONVERSION = YES;
				GCC_WARN_ABOUT_RETURN_TYPE = YES_ERROR;
				GCC_WARN_UNDECLARED_SELECTOR = YES;
				GCC_WARN_UNINITIALIZED_AUTOS = YES_AGGRESSIVE;
				GCC_WARN_UNUSED_FUNCTION = YES;
				GCC_WARN_UNUSED_VARIABLE = YES;
				IPHONEOS_DEPLOYMENT_TARGET = 16.4;
				MTL_ENABLE_DEBUG_INFO = INCLUDE_SOURCE;
				MTL_FAST_MATH = YES;
				ONLY_ACTIVE_ARCH = YES;
				SDKROOT = iphoneos;
				SWIFT_ACTIVE_COMPILATION_CONDITIONS = DEBUG;
				SWIFT_OPTIMIZATION_LEVEL = "-Onone";
			};
			name = Debug;
		};
		99F5CA032AB7BB370093AEAE /* Release */ = {
			isa = XCBuildConfiguration;
			buildSettings = {
				ALWAYS_SEARCH_USER_PATHS = NO;
				CLANG_ANALYZER_NONNULL = YES;
				CLANG_ANALYZER_NUMBER_OBJECT_CONVERSION = YES_AGGRESSIVE;
				CLANG_CXX_LANGUAGE_STANDARD = "gnu++20";
				CLANG_ENABLE_MODULES = YES;
				CLANG_ENABLE_OBJC_ARC = YES;
				CLANG_ENABLE_OBJC_WEAK = YES;
				CLANG_WARN_BLOCK_CAPTURE_AUTORELEASING = YES;
				CLANG_WARN_BOOL_CONVERSION = YES;
				CLANG_WARN_COMMA = YES;
				CLANG_WARN_CONSTANT_CONVERSION = YES;
				CLANG_WARN_DEPRECATED_OBJC_IMPLEMENTATIONS = YES;
				CLANG_WARN_DIRECT_OBJC_ISA_USAGE = YES_ERROR;
				CLANG_WARN_DOCUMENTATION_COMMENTS = YES;
				CLANG_WARN_EMPTY_BODY = YES;
				CLANG_WARN_ENUM_CONVERSION = YES;
				CLANG_WARN_INFINITE_RECURSION = YES;
				CLANG_WARN_INT_CONVERSION = YES;
				CLANG_WARN_NON_LITERAL_NULL_CONVERSION = YES;
				CLANG_WARN_OBJC_IMPLICIT_RETAIN_SELF = YES;
				CLANG_WARN_OBJC_LITERAL_CONVERSION = YES;
				CLANG_WARN_OBJC_ROOT_CLASS = YES_ERROR;
				CLANG_WARN_QUOTED_INCLUDE_IN_FRAMEWORK_HEADER = YES;
				CLANG_WARN_RANGE_LOOP_ANALYSIS = YES;
				CLANG_WARN_STRICT_PROTOTYPES = YES;
				CLANG_WARN_SUSPICIOUS_MOVE = YES;
				CLANG_WARN_UNGUARDED_AVAILABILITY = YES_AGGRESSIVE;
				CLANG_WARN_UNREACHABLE_CODE = YES;
				CLANG_WARN__DUPLICATE_METHOD_MATCH = YES;
				COPY_PHASE_STRIP = NO;
				DEBUG_INFORMATION_FORMAT = "dwarf-with-dsym";
				ENABLE_NS_ASSERTIONS = NO;
				ENABLE_STRICT_OBJC_MSGSEND = YES;
				GCC_C_LANGUAGE_STANDARD = gnu11;
				GCC_NO_COMMON_BLOCKS = YES;
				GCC_WARN_64_TO_32_BIT_CONVERSION = YES;
				GCC_WARN_ABOUT_RETURN_TYPE = YES_ERROR;
				GCC_WARN_UNDECLARED_SELECTOR = YES;
				GCC_WARN_UNINITIALIZED_AUTOS = YES_AGGRESSIVE;
				GCC_WARN_UNUSED_FUNCTION = YES;
				GCC_WARN_UNUSED_VARIABLE = YES;
				IPHONEOS_DEPLOYMENT_TARGET = 16.4;
				MTL_ENABLE_DEBUG_INFO = NO;
				MTL_FAST_MATH = YES;
				SDKROOT = iphoneos;
				SWIFT_COMPILATION_MODE = wholemodule;
				SWIFT_OPTIMIZATION_LEVEL = "-O";
				VALIDATE_PRODUCT = YES;
			};
			name = Release;
		};
		99F5CA052AB7BB370093AEAE /* Debug */ = {
			isa = XCBuildConfiguration;
			buildSettings = {
				ASSETCATALOG_COMPILER_APPICON_NAME = AppIcon;
				ASSETCATALOG_COMPILER_GLOBAL_ACCENT_COLOR_NAME = AccentColor;
				CODE_SIGN_STYLE = Automatic;
				CURRENT_PROJECT_VERSION = 1;
				DEVELOPMENT_ASSET_PATHS = "\"Santander/Preview Content\"";
				DEVELOPMENT_TEAM = 25LV6TU97D;
				ENABLE_PREVIEWS = YES;
				GENERATE_INFOPLIST_FILE = YES;
				INFOPLIST_KEY_LSApplicationCategoryType = "public.app-category.business";
				INFOPLIST_KEY_UIApplicationSceneManifest_Generation = YES;
				INFOPLIST_KEY_UIApplicationSupportsIndirectInputEvents = YES;
				INFOPLIST_KEY_UILaunchScreen_Generation = YES;
				INFOPLIST_KEY_UISupportedInterfaceOrientations = UIInterfaceOrientationPortrait;
				INFOPLIST_KEY_UISupportedInterfaceOrientations_iPad = "UIInterfaceOrientationLandscapeLeft UIInterfaceOrientationLandscapeRight UIInterfaceOrientationPortrait UIInterfaceOrientationPortraitUpsideDown";
				IPHONEOS_DEPLOYMENT_TARGET = 13.0;
				LD_RUNPATH_SEARCH_PATHS = (
					"$(inherited)",
					"@executable_path/Frameworks",
				);
				MARKETING_VERSION = 1.0;
				PRODUCT_BUNDLE_IDENTIFIER = com.josueamorim.Santander;
				PRODUCT_NAME = "$(TARGET_NAME)";
				SUPPORTED_PLATFORMS = "iphoneos iphonesimulator";
				SUPPORTS_MACCATALYST = NO;
				SUPPORTS_MAC_DESIGNED_FOR_IPHONE_IPAD = NO;
				SWIFT_EMIT_LOC_STRINGS = YES;
				SWIFT_VERSION = 5.0;
				TARGETED_DEVICE_FAMILY = 1;
			};
			name = Debug;
		};
		99F5CA062AB7BB370093AEAE /* Release */ = {
			isa = XCBuildConfiguration;
			buildSettings = {
				ASSETCATALOG_COMPILER_APPICON_NAME = AppIcon;
				ASSETCATALOG_COMPILER_GLOBAL_ACCENT_COLOR_NAME = AccentColor;
				CODE_SIGN_STYLE = Automatic;
				CURRENT_PROJECT_VERSION = 1;
				DEVELOPMENT_ASSET_PATHS = "\"Santander/Preview Content\"";
				DEVELOPMENT_TEAM = 25LV6TU97D;
				ENABLE_PREVIEWS = YES;
				GENERATE_INFOPLIST_FILE = YES;
				INFOPLIST_KEY_LSApplicationCategoryType = "public.app-category.business";
				INFOPLIST_KEY_UIApplicationSceneManifest_Generation = YES;
				INFOPLIST_KEY_UIApplicationSupportsIndirectInputEvents = YES;
				INFOPLIST_KEY_UILaunchScreen_Generation = YES;
				INFOPLIST_KEY_UISupportedInterfaceOrientations = UIInterfaceOrientationPortrait;
				INFOPLIST_KEY_UISupportedInterfaceOrientations_iPad = "UIInterfaceOrientationLandscapeLeft UIInterfaceOrientationLandscapeRight UIInterfaceOrientationPortrait UIInterfaceOrientationPortraitUpsideDown";
				IPHONEOS_DEPLOYMENT_TARGET = 13.0;
				LD_RUNPATH_SEARCH_PATHS = (
					"$(inherited)",
					"@executable_path/Frameworks",
				);
				MARKETING_VERSION = 1.0;
				PRODUCT_BUNDLE_IDENTIFIER = com.josueamorim.Santander;
				PRODUCT_NAME = "$(TARGET_NAME)";
				SUPPORTED_PLATFORMS = "iphoneos iphonesimulator";
				SUPPORTS_MACCATALYST = NO;
				SUPPORTS_MAC_DESIGNED_FOR_IPHONE_IPAD = NO;
				SWIFT_EMIT_LOC_STRINGS = YES;
				SWIFT_VERSION = 5.0;
				TARGETED_DEVICE_FAMILY = 1;
			};
			name = Release;
		};
/* End XCBuildConfiguration section */

/* Begin XCConfigurationList section */
		99F5C9F12AB7BB350093AEAE /* Build configuration list for PBXProject "Santander" */ = {
			isa = XCConfigurationList;
			buildConfigurations = (
				99F5CA022AB7BB370093AEAE /* Debug */,
				99F5CA032AB7BB370093AEAE /* Release */,
			);
			defaultConfigurationIsVisible = 0;
			defaultConfigurationName = Release;
		};
		99F5CA042AB7BB370093AEAE /* Build configuration list for PBXNativeTarget "Santander" */ = {
			isa = XCConfigurationList;
			buildConfigurations = (
				99F5CA052AB7BB370093AEAE /* Debug */,
				99F5CA062AB7BB370093AEAE /* Release */,
			);
			defaultConfigurationIsVisible = 0;
			defaultConfigurationName = Release;
		};
/* End XCConfigurationList section */
	};
	rootObject = 99F5C9EE2AB7BB350093AEAE /* Project object */;
}
